
Microsoft Visual Studio Solution File, Format Version 12.00
# Visual Studio Version 17
VisualStudioVersion = 17.0.32112.339
MinimumVisualStudioVersion = 10.0.40219.1
Project("{FAE04EC0-301F-11D3-BF4B-00C04F79EFBC}") = "prjListaDeCompras", "prjListaDeCompras\prjListaDeCompras.csproj", "{03E9E00B-144F-4A4C-9F4C-3EE2C225A621}"
EndProject
Global
	GlobalSection(SolutionConfigurationPlatforms) = preSolution
		Debug|Any CPU = Debug|Any CPU
		Release|Any CPU = Release|Any CPU
	EndGlobalSection
	GlobalSection(ProjectConfigurationPlatforms) = postSolution
		{03E9E00B-144F-4A4C-9F4C-3EE2C225A621}.Debug|Any CPU.ActiveCfg = Debug|Any CPU
		{03E9E00B-144F-4A4C-9F4C-3EE2C225A621}.Debug|Any CPU.Build.0 = Debug|Any CPU
		{03E9E00B-144F-4A4C-9F4C-3EE2C225A621}.Release|Any CPU.ActiveCfg = Release|Any CPU
		{03E9E00B-144F-4A4C-9F4C-3EE2C225A621}.Release|Any CPU.Build.0 = Release|Any CPU
	EndGlobalSection
	GlobalSection(SolutionProperties) = preSolution
		HideSolutionNode = FALSE
	EndGlobalSection
	GlobalSection(ExtensibilityGlobals) = postSolution
		SolutionGuid = {EFA648CC-7D46-497B-9006-40CE4B3C0CF0}
	EndGlobalSection
EndGlobal
